
Microsoft Visual Studio Solution File, Format Version 12.00
Project("{FAE04EC0-301F-11D3-BF4B-00C04F79EFBC}") = "MTQtoolEditor", "MTQtoolEditor\MTQtoolEditor.csproj", "{D4F12521-D083-4133-8F0A-4EA37912C1CD}"
EndProject
Project("{FAE04EC0-301F-11D3-BF4B-00C04F79EFBC}") = "MTQtoolRuntime", "MTQtoolRuntime\MTQtoolRuntime.csproj", "{776E291F-A984-48FA-BAFA-6AB3EC6E5A25}"
EndProject
Global
	GlobalSection(SolutionConfigurationPlatforms) = preSolution
		Debug|Any CPU = Debug|Any CPU
		Release|Any CPU = Release|Any CPU
	EndGlobalSection
	GlobalSection(ProjectConfigurationPlatforms) = postSolution
		{D4F12521-D083-4133-8F0A-4EA37912C1CD}.Debug|Any CPU.ActiveCfg = Debug|Any CPU
		{D4F12521-D083-4133-8F0A-4EA37912C1CD}.Debug|Any CPU.Build.0 = Debug|Any CPU
		{D4F12521-D083-4133-8F0A-4EA37912C1CD}.Release|Any CPU.ActiveCfg = Release|Any CPU
		{D4F12521-D083-4133-8F0A-4EA37912C1CD}.Release|Any CPU.Build.0 = Release|Any CPU
		{776E291F-A984-48FA-BAFA-6AB3EC6E5A25}.Debug|Any CPU.ActiveCfg = Debug|Any CPU
		{776E291F-A984-48FA-BAFA-6AB3EC6E5A25}.Debug|Any CPU.Build.0 = Debug|Any CPU
		{776E291F-A984-48FA-BAFA-6AB3EC6E5A25}.Release|Any CPU.ActiveCfg = Release|Any CPU
		{776E291F-A984-48FA-BAFA-6AB3EC6E5A25}.Release|Any CPU.Build.0 = Release|Any CPU
	EndGlobalSection
EndGlobal
